// !$*UTF8*$!
{
	archiveVersion = 1;
	classes = {
	};
	objectVersion = 50;
	objects = {

/* Begin PBXBuildFile section */
		28477A5B21E28FCF00D0E02C /* AppDelegate.swift in Sources */ = {isa = PBXBuildFile; fileRef = 28477A5A21E28FCF00D0E02C /* AppDelegate.swift */; };
		28477A5D21E28FCF00D0E02C /* ViewController.swift in Sources */ = {isa = PBXBuildFile; fileRef = 28477A5C21E28FCF00D0E02C /* ViewController.swift */; };
		28477A6021E28FCF00D0E02C /* Main.storyboard in Resources */ = {isa = PBXBuildFile; fileRef = 28477A5E21E28FCF00D0E02C /* Main.storyboard */; };
		28477A6221E28FD200D0E02C /* Assets.xcassets in Resources */ = {isa = PBXBuildFile; fileRef = 28477A6121E28FD200D0E02C /* Assets.xcassets */; };
		28477A6521E28FD200D0E02C /* LaunchScreen.storyboard in Resources */ = {isa = PBXBuildFile; fileRef = 28477A6321E28FD200D0E02C /* LaunchScreen.storyboard */; };
		28477A7021E28FD200D0E02C /* CommuteWeatherAppTests.swift in Sources */ = {isa = PBXBuildFile; fileRef = 28477A6F21E28FD200D0E02C /* CommuteWeatherAppTests.swift */; };
/* End PBXBuildFile section */

/* Begin PBXContainerItemProxy section */
		28477A6C21E28FD200D0E02C /* PBXContainerItemProxy */ = {
			isa = PBXContainerItemProxy;
			containerPortal = 28477A4F21E28FCE00D0E02C /* Project object */;
			proxyType = 1;
			remoteGlobalIDString = 28477A5621E28FCF00D0E02C;
			remoteInfo = CommuteWeatherApp;
		};
/* End PBXContainerItemProxy section */

/* Begin PBXFileReference section */
		28477A5721E28FCF00D0E02C /* CommuteWeatherApp.app */ = {isa = PBXFileReference; explicitFileType = wrapper.application; includeInIndex = 0; path = CommuteWeatherApp.app; sourceTree = BUILT_PRODUCTS_DIR; };
		28477A5A21E28FCF00D0E02C /* AppDelegate.swift */ = {isa = PBXFileReference; lastKnownFileType = sourcecode.swift; path = AppDelegate.swift; sourceTree = "<group>"; };
		28477A5C21E28FCF00D0E02C /* ViewController.swift */ = {isa = PBXFileReference; lastKnownFileType = sourcecode.swift; path = ViewController.swift; sourceTree = "<group>"; };
		28477A5F21E28FCF00D0E02C /* Base */ = {isa = PBXFileReference; lastKnownFileType = file.storyboard; name = Base; path = Base.lproj/Main.storyboard; sourceTree = "<group>"; };
		28477A6121E28FD200D0E02C /* Assets.xcassets */ = {isa = PBXFileReference; lastKnownFileType = folder.assetcatalog; path = Assets.xcassets; sourceTree = "<group>"; };
		28477A6421E28FD200D0E02C /* Base */ = {isa = PBXFileReference; lastKnownFileType = file.storyboard; name = Base; path = Base.lproj/LaunchScreen.storyboard; sourceTree = "<group>"; };
		28477A6621E28FD200D0E02C /* Info.plist */ = {isa = PBXFileReference; lastKnownFileType = text.plist.xml; path = Info.plist; sourceTree = "<group>"; };
		28477A6B21E28FD200D0E02C /* CommuteWeatherAppTests.xctest */ = {isa = PBXFileReference; explicitFileType = wrapper.cfbundle; includeInIndex = 0; path = CommuteWeatherAppTests.xctest; sourceTree = BUILT_PRODUCTS_DIR; };
		28477A6F21E28FD200D0E02C /* CommuteWeatherAppTests.swift */ = {isa = PBXFileReference; lastKnownFileType = sourcecode.swift; path = CommuteWeatherAppTests.swift; sourceTree = "<group>"; };
		28477A7121E28FD200D0E02C /* Info.plist */ = {isa = PBXFileReference; lastKnownFileType = text.plist.xml; path = Info.plist; sourceTree = "<group>"; };
/* End PBXFileReference section */

/* Begin PBXFrameworksBuildPhase section */
		28477A5421E28FCF00D0E02C /* Frameworks */ = {
			isa = PBXFrameworksBuildPhase;
			buildActionMask = 2147483647;
			files = (
			);
			runOnlyForDeploymentPostprocessing = 0;
		};
		28477A6821E28FD200D0E02C /* Frameworks */ = {
			isa = PBXFrameworksBuildPhase;
			buildActionMask = 2147483647;
			files = (
			);
			runOnlyForDeploymentPostprocessing = 0;
		};
/* End PBXFrameworksBuildPhase section */

/* Begin PBXGroup section */
		28477A4E21E28FCE00D0E02C = {
			isa = PBXGroup;
			children = (
				28477A5921E28FCF00D0E02C /* CommuteWeatherApp */,
				28477A6E21E28FD200D0E02C /* CommuteWeatherAppTests */,
				28477A5821E28FCF00D0E02C /* Products */,
			);
			sourceTree = "<group>";
		};
		28477A5821E28FCF00D0E02C /* Products */ = {
			isa = PBXGroup;
			children = (
				28477A5721E28FCF00D0E02C /* CommuteWeatherApp.app */,
				28477A6B21E28FD200D0E02C /* CommuteWeatherAppTests.xctest */,
			);
			name = Products;
			sourceTree = "<group>";
		};
		28477A5921E28FCF00D0E02C /* CommuteWeatherApp */ = {
			isa = PBXGroup;
			children = (
				28477A5A21E28FCF00D0E02C /* AppDelegate.swift */,
				28477A5C21E28FCF00D0E02C /* ViewController.swift */,
				28477A5E21E28FCF00D0E02C /* Main.storyboard */,
				28477A6121E28FD200D0E02C /* Assets.xcassets */,
				28477A6321E28FD200D0E02C /* LaunchScreen.storyboard */,
				28477A6621E28FD200D0E02C /* Info.plist */,
			);
			path = CommuteWeatherApp;
			sourceTree = "<group>";
		};
		28477A6E21E28FD200D0E02C /* CommuteWeatherAppTests */ = {
			isa = PBXGroup;
			children = (
				28477A6F21E28FD200D0E02C /* CommuteWeatherAppTests.swift */,
				28477A7121E28FD200D0E02C /* Info.plist */,
			);
			path = CommuteWeatherAppTests;
			sourceTree = "<group>";
		};
/* End PBXGroup section */

/* Begin PBXNativeTarget section */
		28477A5621E28FCF00D0E02C /* CommuteWeatherApp */ = {
			isa = PBXNativeTarget;
			buildConfigurationList = 28477A7421E28FD200D0E02C /* Build configuration list for PBXNativeTarget "CommuteWeatherApp" */;
			buildPhases = (
				28477A5321E28FCF00D0E02C /* Sources */,
				28477A5421E28FCF00D0E02C /* Frameworks */,
				28477A5521E28FCF00D0E02C /* Resources */,
			);
			buildRules = (
			);
			dependencies = (
			);
			name = CommuteWeatherApp;
			productName = CommuteWeatherApp;
			productReference = 28477A5721E28FCF00D0E02C /* CommuteWeatherApp.app */;
			productType = "com.apple.product-type.application";
		};
		28477A6A21E28FD200D0E02C /* CommuteWeatherAppTests */ = {
			isa = PBXNativeTarget;
			buildConfigurationList = 28477A7721E28FD200D0E02C /* Build configuration list for PBXNativeTarget "CommuteWeatherAppTests" */;
			buildPhases = (
				28477A6721E28FD200D0E02C /* Sources */,
				28477A6821E28FD200D0E02C /* Frameworks */,
				28477A6921E28FD200D0E02C /* Resources */,
			);
			buildRules = (
			);
			dependencies = (
				28477A6D21E28FD200D0E02C /* PBXTargetDependency */,
			);
			name = CommuteWeatherAppTests;
			productName = CommuteWeatherAppTests;
			productReference = 28477A6B21E28FD200D0E02C /* CommuteWeatherAppTests.xctest */;
			productType = "com.apple.product-type.bundle.unit-test";
		};
/* End PBXNativeTarget section */

/* Begin PBXProject section */
		28477A4F21E28FCE00D0E02C /* Project object */ = {
			isa = PBXProject;
			attributes = {
				LastSwiftUpdateCheck = 1010;
				LastUpgradeCheck = 1010;
				ORGANIZATIONNAME = "Pete Holdsworth";
				TargetAttributes = {
					28477A5621E28FCF00D0E02C = {
						CreatedOnToolsVersion = 10.1;
					};
					28477A6A21E28FD200D0E02C = {
						CreatedOnToolsVersion = 10.1;
						TestTargetID = 28477A5621E28FCF00D0E02C;
					};
				};
			};
			buildConfigurationList = 28477A5221E28FCE00D0E02C /* Build configuration list for PBXProject "CommuteWeatherApp" */;
			compatibilityVersion = "Xcode 9.3";
			developmentRegion = en;
			hasScannedForEncodings = 0;
			knownRegions = (
				en,
				Base,
			);
			mainGroup = 28477A4E21E28FCE00D0E02C;
			productRefGroup = 28477A5821E28FCF00D0E02C /* Products */;
			projectDirPath = "";
			projectRoot = "";
			targets = (
				28477A5621E28FCF00D0E02C /* CommuteWeatherApp */,
				28477A6A21E28FD200D0E02C /* CommuteWeatherAppTests */,
			);
		};
/* End PBXProject section */

/* Begin PBXResourcesBuildPhase section */
		28477A5521E28FCF00D0E02C /* Resources */ = {
			isa = PBXResourcesBuildPhase;
			buildActionMask = 2147483647;
			files = (
				28477A6521E28FD200D0E02C /* LaunchScreen.storyboard in Resources */,
				28477A6221E28FD200D0E02C /* Assets.xcassets in Resources */,
				28477A6021E28FCF00D0E02C /* Main.storyboard in Resources */,
			);
			runOnlyForDeploymentPostprocessing = 0;
		};
		28477A6921E28FD200D0E02C /* Resources */ = {
			isa = PBXResourcesBuildPhase;
			buildActionMask = 2147483647;
			files = (
			);
			runOnlyForDeploymentPostprocessing = 0;
		};
/* End PBXResourcesBuildPhase section */

/* Begin PBXSourcesBuildPhase section */
		28477A5321E28FCF00D0E02C /* Sources */ = {
			isa = PBXSourcesBuildPhase;
			buildActionMask = 2147483647;
			files = (
				28477A5D21E28FCF00D0E02C /* ViewController.swift in Sources */,
				28477A5B21E28FCF00D0E02C /* AppDelegate.swift in Sources */,
			);
			runOnlyForDeploymentPostprocessing = 0;
		};
		28477A6721E28FD200D0E02C /* Sources */ = {
			isa = PBXSourcesBuildPhase;
			buildActionMask = 2147483647;
			files = (
				28477A7021E28FD200D0E02C /* CommuteWeatherAppTests.swift in Sources */,
			);
			runOnlyForDeploymentPostprocessing = 0;
		};
/* End PBXSourcesBuildPhase section */

/* Begin PBXTargetDependency section */
		28477A6D21E28FD200D0E02C /* PBXTargetDependency */ = {
			isa = PBXTargetDependency;
			target = 28477A5621E28FCF00D0E02C /* CommuteWeatherApp */;
			targetProxy = 28477A6C21E28FD200D0E02C /* PBXContainerItemProxy */;
		};
/* End PBXTargetDependency section */

/* Begin PBXVariantGroup section */
		28477A5E21E28FCF00D0E02C /* Main.storyboard */ = {
			isa = PBXVariantGroup;
			children = (
				28477A5F21E28FCF00D0E02C /* Base */,
			);
			name = Main.storyboard;
			sourceTree = "<group>";
		};
		28477A6321E28FD200D0E02C /* LaunchScreen.storyboard */ = {
			isa = PBXVariantGroup;
			children = (
				28477A6421E28FD200D0E02C /* Base */,
			);
			name = LaunchScreen.storyboard;
			sourceTree = "<group>";
		};
/* End PBXVariantGroup section */

/* Begin XCBuildConfiguration section */
		28477A7221E28FD200D0E02C /* Debug */ = {
			isa = XCBuildConfiguration;
			buildSettings = {
				ALWAYS_SEARCH_USER_PATHS = NO;
				CLANG_ANALYZER_NONNULL = YES;
				CLANG_ANALYZER_NUMBER_OBJECT_CONVERSION = YES_AGGRESSIVE;
				CLANG_CXX_LANGUAGE_STANDARD = "gnu++14";
				CLANG_CXX_LIBRARY = "libc++";
				CLANG_ENABLE_MODULES = YES;
				CLANG_ENABLE_OBJC_ARC = YES;
				CLANG_ENABLE_OBJC_WEAK = YES;
				CLANG_WARN_BLOCK_CAPTURE_AUTORELEASING = YES;
				CLANG_WARN_BOOL_CONVERSION = YES;
				CLANG_WARN_COMMA = YES;
				CLANG_WARN_CONSTANT_CONVERSION = YES;
				CLANG_WARN_DEPRECATED_OBJC_IMPLEMENTATIONS = YES;
				CLANG_WARN_DIRECT_OBJC_ISA_USAGE = YES_ERROR;
				CLANG_WARN_DOCUMENTATION_COMMENTS = YES;
				CLANG_WARN_EMPTY_BODY = YES;
				CLANG_WARN_ENUM_CONVERSION = YES;
				CLANG_WARN_INFINITE_RECURSION = YES;
				CLANG_WARN_INT_CONVERSION = YES;
				CLANG_WARN_NON_LITERAL_NULL_CONVERSION = YES;
				CLANG_WARN_OBJC_IMPLICIT_RETAIN_SELF = YES;
				CLANG_WARN_OBJC_LITERAL_CONVERSION = YES;
				CLANG_WARN_OBJC_ROOT_CLASS = YES_ERROR;
				CLANG_WARN_RANGE_LOOP_ANALYSIS = YES;
				CLANG_WARN_STRICT_PROTOTYPES = YES;
				CLANG_WARN_SUSPICIOUS_MOVE = YES;
				CLANG_WARN_UNGUARDED_AVAILABILITY = YES_AGGRESSIVE;
				CLANG_WARN_UNREACHABLE_CODE = YES;
				CLANG_WARN__DUPLICATE_METHOD_MATCH = YES;
				CODE_SIGN_IDENTITY = "iPhone Developer";
				COPY_PHASE_STRIP = NO;
				DEBUG_INFORMATION_FORMAT = dwarf;
				ENABLE_STRICT_OBJC_MSGSEND = YES;
				ENABLE_TESTABILITY = YES;
				GCC_C_LANGUAGE_STANDARD = gnu11;
				GCC_DYNAMIC_NO_PIC = NO;
				GCC_NO_COMMON_BLOCKS = YES;
				GCC_OPTIMIZATION_LEVEL = 0;
				GCC_PREPROCESSOR_DEFINITIONS = (
					"DEBUG=1",
					"$(inherited)",
				);
				GCC_WARN_64_TO_32_BIT_CONVERSION = YES;
				GCC_WARN_ABOUT_RETURN_TYPE = YES_ERROR;
				GCC_WARN_UNDECLARED_SELECTOR = YES;
				GCC_WARN_UNINITIALIZED_AUTOS = YES_AGGRESSIVE;
				GCC_WARN_UNUSED_FUNCTION = YES;
				GCC_WARN_UNUSED_VARIABLE = YES;
				IPHONEOS_DEPLOYMENT_TARGET = 12.1;
				MTL_ENABLE_DEBUG_INFO = INCLUDE_SOURCE;
				MTL_FAST_MATH = YES;
				ONLY_ACTIVE_ARCH = YES;
				SDKROOT = iphoneos;
				SWIFT_ACTIVE_COMPILATION_CONDITIONS = DEBUG;
				SWIFT_OPTIMIZATION_LEVEL = "-Onone";
			};
			name = Debug;
		};
		28477A7321E28FD200D0E02C /* Release */ = {
			isa = XCBuildConfiguration;
			buildSettings = {
				ALWAYS_SEARCH_USER_PATHS = NO;
				CLANG_ANALYZER_NONNULL = YES;
				CLANG_ANALYZER_NUMBER_OBJECT_CONVERSION = YES_AGGRESSIVE;
				CLANG_CXX_LANGUAGE_STANDARD = "gnu++14";
				CLANG_CXX_LIBRARY = "libc++";
				CLANG_ENABLE_MODULES = YES;
				CLANG_ENABLE_OBJC_ARC = YES;
				CLANG_ENABLE_OBJC_WEAK = YES;
				CLANG_WARN_BLOCK_CAPTURE_AUTORELEASING = YES;
				CLANG_WARN_BOOL_CONVERSION = YES;
				CLANG_WARN_COMMA = YES;
				CLANG_WARN_CONSTANT_CONVERSION = YES;
				CLANG_WARN_DEPRECATED_OBJC_IMPLEMENTATIONS = YES;
				CLANG_WARN_DIRECT_OBJC_ISA_USAGE = YES_ERROR;
				CLANG_WARN_DOCUMENTATION_COMMENTS = YES;
				CLANG_WARN_EMPTY_BODY = YES;
				CLANG_WARN_ENUM_CONVERSION = YES;
				CLANG_WARN_INFINITE_RECURSION = YES;
				CLANG_WARN_INT_CONVERSION = YES;
				CLANG_WARN_NON_LITERAL_NULL_CONVERSION = YES;
				CLANG_WARN_OBJC_IMPLICIT_RETAIN_SELF = YES;
				CLANG_WARN_OBJC_LITERAL_CONVERSION = YES;
				CLANG_WARN_OBJC_ROOT_CLASS = YES_ERROR;
				CLANG_WARN_RANGE_LOOP_ANALYSIS = YES;
				CLANG_WARN_STRICT_PROTOTYPES = YES;
				CLANG_WARN_SUSPICIOUS_MOVE = YES;
				CLANG_WARN_UNGUARDED_AVAILABILITY = YES_AGGRESSIVE;
				CLANG_WARN_UNREACHABLE_CODE = YES;
				CLANG_WARN__DUPLICATE_METHOD_MATCH = YES;
				CODE_SIGN_IDENTITY = "iPhone Developer";
				COPY_PHASE_STRIP = NO;
				DEBUG_INFORMATION_FORMAT = "dwarf-with-dsym";
				ENABLE_NS_ASSERTIONS = NO;
				ENABLE_STRICT_OBJC_MSGSEND = YES;
				GCC_C_LANGUAGE_STANDARD = gnu11;
				GCC_NO_COMMON_BLOCKS = YES;
				GCC_WARN_64_TO_32_BIT_CONVERSION = YES;
				GCC_WARN_ABOUT_RETURN_TYPE = YES_ERROR;
				GCC_WARN_UNDECLARED_SELECTOR = YES;
				GCC_WARN_UNINITIALIZED_AUTOS = YES_AGGRESSIVE;
				GCC_WARN_UNUSED_FUNCTION = YES;
				GCC_WARN_UNUSED_VARIABLE = YES;
				IPHONEOS_DEPLOYMENT_TARGET = 12.1;
				MTL_ENABLE_DEBUG_INFO = NO;
				MTL_FAST_MATH = YES;
				SDKROOT = iphoneos;
				SWIFT_COMPILATION_MODE = wholemodule;
				SWIFT_OPTIMIZATION_LEVEL = "-O";
				VALIDATE_PRODUCT = YES;
			};
			name = Release;
		};
		28477A7521E28FD200D0E02C /* Debug */ = {
			isa = XCBuildConfiguration;
			buildSettings = {
				ASSETCATALOG_COMPILER_APPICON_NAME = AppIcon;
				CODE_SIGN_STYLE = Automatic;
				DEVELOPMENT_TEAM = NBHGMCQ443;
				INFOPLIST_FILE = CommuteWeatherApp/Info.plist;
				LD_RUNPATH_SEARCH_PATHS = (
					"$(inherited)",
					"@executable_path/Frameworks",
				);
				PRODUCT_BUNDLE_IDENTIFIER = com.onyxinteractive.CommuteWeatherApp;
				PRODUCT_NAME = "$(TARGET_NAME)";
				SWIFT_VERSION = 4.2;
				TARGETED_DEVICE_FAMILY = "1,2";
			};
			name = Debug;
		};
		28477A7621E28FD200D0E02C /* Release */ = {
			isa = XCBuildConfiguration;
			buildSettings = {
				ASSETCATALOG_COMPILER_APPICON_NAME = AppIcon;
				CODE_SIGN_STYLE = Automatic;
				DEVELOPMENT_TEAM = NBHGMCQ443;
				INFOPLIST_FILE = CommuteWeatherApp/Info.plist;
				LD_RUNPATH_SEARCH_PATHS = (
					"$(inherited)",
					"@executable_path/Frameworks",
				);
				PRODUCT_BUNDLE_IDENTIFIER = com.onyxinteractive.CommuteWeatherApp;
				PRODUCT_NAME = "$(TARGET_NAME)";
				SWIFT_VERSION = 4.2;
				TARGETED_DEVICE_FAMILY = "1,2";
			};
			name = Release;
		};
		28477A7821E28FD200D0E02C /* Debug */ = {
			isa = XCBuildConfiguration;
			buildSettings = {
				ALWAYS_EMBED_SWIFT_STANDARD_LIBRARIES = YES;
				BUNDLE_LOADER = "$(TEST_HOST)";
				CODE_SIGN_STYLE = Automatic;
				DEVELOPMENT_TEAM = NBHGMCQ443;
				INFOPLIST_FILE = CommuteWeatherAppTests/Info.plist;
				LD_RUNPATH_SEARCH_PATHS = (
					"$(inherited)",
					"@executable_path/Frameworks",
					"@loader_path/Frameworks",
				);
				PRODUCT_BUNDLE_IDENTIFIER = com.onyxinteractive.CommuteWeatherAppTests;
				PRODUCT_NAME = "$(TARGET_NAME)";
				SWIFT_VERSION = 4.2;
				TARGETED_DEVICE_FAMILY = "1,2";
				TEST_HOST = "$(BUILT_PRODUCTS_DIR)/CommuteWeatherApp.app/CommuteWeatherApp";
			};
			name = Debug;
		};
		28477A7921E28FD200D0E02C /* Release */ = {
			isa = XCBuildConfiguration;
			buildSettings = {
				ALWAYS_EMBED_SWIFT_STANDARD_LIBRARIES = YES;
				BUNDLE_LOADER = "$(TEST_HOST)";
				CODE_SIGN_STYLE = Automatic;
				DEVELOPMENT_TEAM = NBHGMCQ443;
				INFOPLIST_FILE = CommuteWeatherAppTests/Info.plist;
				LD_RUNPATH_SEARCH_PATHS = (
					"$(inherited)",
					"@executable_path/Frameworks",
					"@loader_path/Frameworks",
				);
				PRODUCT_BUNDLE_IDENTIFIER = com.onyxinteractive.CommuteWeatherAppTests;
				PRODUCT_NAME = "$(TARGET_NAME)";
				SWIFT_VERSION = 4.2;
				TARGETED_DEVICE_FAMILY = "1,2";
				TEST_HOST = "$(BUILT_PRODUCTS_DIR)/CommuteWeatherApp.app/CommuteWeatherApp";
			};
			name = Release;
		};
/* End XCBuildConfiguration section */

/* Begin XCConfigurationList section */
		28477A5221E28FCE00D0E02C /* Build configuration list for PBXProject "CommuteWeatherApp" */ = {
			isa = XCConfigurationList;
			buildConfigurations = (
				28477A7221E28FD200D0E02C /* Debug */,
				28477A7321E28FD200D0E02C /* Release */,
			);
			defaultConfigurationIsVisible = 0;
			defaultConfigurationName = Release;
		};
		28477A7421E28FD200D0E02C /* Build configuration list for PBXNativeTarget "CommuteWeatherApp" */ = {
			isa = XCConfigurationList;
			buildConfigurations = (
				28477A7521E28FD200D0E02C /* Debug */,
				28477A7621E28FD200D0E02C /* Release */,
			);
			defaultConfigurationIsVisible = 0;
			defaultConfigurationName = Release;
		};
		28477A7721E28FD200D0E02C /* Build configuration list for PBXNativeTarget "CommuteWeatherAppTests" */ = {
			isa = XCConfigurationList;
			buildConfigurations = (
				28477A7821E28FD200D0E02C /* Debug */,
				28477A7921E28FD200D0E02C /* Release */,
			);
			defaultConfigurationIsVisible = 0;
			defaultConfigurationName = Release;
		};
/* End XCConfigurationList section */
	};
	rootObject = 28477A4F21E28FCE00D0E02C /* Project object */;
}
